{
  "dependencies": {
    "pubnub": {
      "version": "3.7.15",
      "resolved": "https://registry.npmjs.org/pubnub/-/pubnub-3.7.15.tgz",
      "from": "https://registry.npmjs.org/pubnub/-/pubnub-3.7.15.tgz",
      "dependencies": {
        "agentkeepalive": {
          "version": "0.2.4",
          "resolved": "https://registry.npmjs.org/agentkeepalive/-/agentkeepalive-0.2.4.tgz",
          "from": "https://registry.npmjs.org/agentkeepalive/-/agentkeepalive-0.2.4.tgz"
        }
      }
    }
  }
}
