{
  "dependencies": {
    "flatten-obj": {
      "version": "2.0.1",
      "resolved": "https://registry.npmjs.org/flatten-obj/-/flatten-obj-2.0.1.tgz",
      "from": "https://registry.npmjs.org/flatten-obj/-/flatten-obj-2.0.1.tgz",
      "dependencies": {
        "isobj": {
          "version": "1.0.0",
          "resolved": "https://registry.npmjs.org/isobj/-/isobj-1.0.0.tgz",
          "from": "https://registry.npmjs.org/isobj/-/isobj-1.0.0.tgz"
        }
      }
    }
  }
}
